// !$*UTF8*$!
{
	archiveVersion = 1;
	classes = {
	};
	objectVersion = 50;
	objects = {

/* Begin PBXBuildFile section */
		3C8FDF96212FE40300754460 /* Errors.swift in Sources */ = {isa = PBXBuildFile; fileRef = 3C8FDF95212FE40300754460 /* Errors.swift */; };
		3C8FDF98212FE4FB00754460 /* RequestType.swift in Sources */ = {isa = PBXBuildFile; fileRef = 3C8FDF97212FE4FB00754460 /* RequestType.swift */; };
		3C8FDF9A212FE56100754460 /* RequestData.swift in Sources */ = {isa = PBXBuildFile; fileRef = 3C8FDF99212FE56100754460 /* RequestData.swift */; };
		3C8FDF9C212FE94200754460 /* Albums.swift in Sources */ = {isa = PBXBuildFile; fileRef = 3C8FDF9B212FE94200754460 /* Albums.swift */; };
		3C8FDF9E212FF98300754460 /* HTTPMethod.swift in Sources */ = {isa = PBXBuildFile; fileRef = 3C8FDF9D212FF98300754460 /* HTTPMethod.swift */; };
		3C8FDFA1212FF9CA00754460 /* Dispatcher.swift in Sources */ = {isa = PBXBuildFile; fileRef = 3C8FDFA0212FF9CA00754460 /* Dispatcher.swift */; };
		3CD50BC8212E495F00E6E543 /* AppDelegate.swift in Sources */ = {isa = PBXBuildFile; fileRef = 3CD50BC7212E495F00E6E543 /* AppDelegate.swift */; };
		3CD50BCD212E495F00E6E543 /* Main.storyboard in Resources */ = {isa = PBXBuildFile; fileRef = 3CD50BCB212E495F00E6E543 /* Main.storyboard */; };
		3CD50BD0212E495F00E6E543 /* MediaMonksExercise.xcdatamodeld in Sources */ = {isa = PBXBuildFile; fileRef = 3CD50BCE212E495F00E6E543 /* MediaMonksExercise.xcdatamodeld */; };
		3CD50BD2212E496000E6E543 /* Assets.xcassets in Resources */ = {isa = PBXBuildFile; fileRef = 3CD50BD1212E496000E6E543 /* Assets.xcassets */; };
		3CD50BD5212E496000E6E543 /* LaunchScreen.storyboard in Resources */ = {isa = PBXBuildFile; fileRef = 3CD50BD3212E496000E6E543 /* LaunchScreen.storyboard */; };
		3CD50BDE212E4B2900E6E543 /* AlbumViewController.swift in Sources */ = {isa = PBXBuildFile; fileRef = 3CD50BDD212E4B2900E6E543 /* AlbumViewController.swift */; };
		3CD50BE0212E4B4400E6E543 /* AlbumTableViewCell.swift in Sources */ = {isa = PBXBuildFile; fileRef = 3CD50BDF212E4B4400E6E543 /* AlbumTableViewCell.swift */; };
		3CD50BEC212E60A700E6E543 /* PhotoViewController.swift in Sources */ = {isa = PBXBuildFile; fileRef = 3CD50BEB212E60A700E6E543 /* PhotoViewController.swift */; };
		3CD50BEE212E60BF00E6E543 /* PhotoTableViewCell.swift in Sources */ = {isa = PBXBuildFile; fileRef = 3CD50BED212E60BF00E6E543 /* PhotoTableViewCell.swift */; };
		3CD50BF0212E865100E6E543 /* GlobalFile.swift in Sources */ = {isa = PBXBuildFile; fileRef = 3CD50BEF212E865100E6E543 /* GlobalFile.swift */; };
		3CD50BF5212E89FF00E6E543 /* LoadingOverlay.swift in Sources */ = {isa = PBXBuildFile; fileRef = 3CD50BF4212E89FF00E6E543 /* LoadingOverlay.swift */; };
		3CD50BF7212E8A2100E6E543 /* UIViewController+LoadingOverlay.swift in Sources */ = {isa = PBXBuildFile; fileRef = 3CD50BF6212E8A2100E6E543 /* UIViewController+LoadingOverlay.swift */; };
		3CD50BFA212EA2C700E6E543 /* PhotoDetailViewController.swift in Sources */ = {isa = PBXBuildFile; fileRef = 3CD50BF9212EA2C700E6E543 /* PhotoDetailViewController.swift */; };
		3CD50BFE212EB09400E6E543 /* RevealingSplashView.framework in Frameworks */ = {isa = PBXBuildFile; fileRef = 3CD50BFD212EB09400E6E543 /* RevealingSplashView.framework */; };
		3CD50C01212EB09A00E6E543 /* RevealingSplashView.framework in Embed Frameworks */ = {isa = PBXBuildFile; fileRef = 3CD50BFF212EB09A00E6E543 /* RevealingSplashView.framework */; settings = {ATTRIBUTES = (CodeSignOnCopy, RemoveHeadersOnCopy, ); }; };
		3CF755FB212F89390065BBC6 /* UIImage+Cache.swift in Sources */ = {isa = PBXBuildFile; fileRef = 3CF755FA212F89390065BBC6 /* UIImage+Cache.swift */; };
		3CF755FD212F8A030065BBC6 /* PeekAndPop+PhotoViewController.swift in Sources */ = {isa = PBXBuildFile; fileRef = 3CF755FC212F8A030065BBC6 /* PeekAndPop+PhotoViewController.swift */; };
		3CF755FF212F8AA60065BBC6 /* Animation.swift in Sources */ = {isa = PBXBuildFile; fileRef = 3CF755FE212F8AA60065BBC6 /* Animation.swift */; };
		3CF75602212F8C620065BBC6 /* Photos.swift in Sources */ = {isa = PBXBuildFile; fileRef = 3CF75601212F8C620065BBC6 /* Photos.swift */; };
/* End PBXBuildFile section */

/* Begin PBXCopyFilesBuildPhase section */
		3CD50BE9212E524200E6E543 /* Embed Frameworks */ = {
			isa = PBXCopyFilesBuildPhase;
			buildActionMask = 2147483647;
			dstPath = "";
			dstSubfolderSpec = 10;
			files = (
				3CD50C01212EB09A00E6E543 /* RevealingSplashView.framework in Embed Frameworks */,
			);
			name = "Embed Frameworks";
			runOnlyForDeploymentPostprocessing = 0;
		};
/* End PBXCopyFilesBuildPhase section */

/* Begin PBXFileReference section */
		3C8FDF95212FE40300754460 /* Errors.swift */ = {isa = PBXFileReference; lastKnownFileType = sourcecode.swift; path = Errors.swift; sourceTree = "<group>"; };
		3C8FDF97212FE4FB00754460 /* RequestType.swift */ = {isa = PBXFileReference; lastKnownFileType = sourcecode.swift; path = RequestType.swift; sourceTree = "<group>"; };
		3C8FDF99212FE56100754460 /* RequestData.swift */ = {isa = PBXFileReference; lastKnownFileType = sourcecode.swift; path = RequestData.swift; sourceTree = "<group>"; };
		3C8FDF9B212FE94200754460 /* Albums.swift */ = {isa = PBXFileReference; lastKnownFileType = sourcecode.swift; path = Albums.swift; sourceTree = "<group>"; };
		3C8FDF9D212FF98300754460 /* HTTPMethod.swift */ = {isa = PBXFileReference; lastKnownFileType = sourcecode.swift; path = HTTPMethod.swift; sourceTree = "<group>"; };
		3C8FDFA0212FF9CA00754460 /* Dispatcher.swift */ = {isa = PBXFileReference; lastKnownFileType = sourcecode.swift; path = Dispatcher.swift; sourceTree = "<group>"; };
		3CD50BC4212E495F00E6E543 /* MediaMonksExercise.app */ = {isa = PBXFileReference; explicitFileType = wrapper.application; includeInIndex = 0; path = MediaMonksExercise.app; sourceTree = BUILT_PRODUCTS_DIR; };
		3CD50BC7212E495F00E6E543 /* AppDelegate.swift */ = {isa = PBXFileReference; lastKnownFileType = sourcecode.swift; path = AppDelegate.swift; sourceTree = "<group>"; };
		3CD50BCC212E495F00E6E543 /* Base */ = {isa = PBXFileReference; lastKnownFileType = file.storyboard; name = Base; path = Base.lproj/Main.storyboard; sourceTree = "<group>"; };
		3CD50BCF212E495F00E6E543 /* MediaMonksExercise.xcdatamodel */ = {isa = PBXFileReference; lastKnownFileType = wrapper.xcdatamodel; path = MediaMonksExercise.xcdatamodel; sourceTree = "<group>"; };
		3CD50BD1212E496000E6E543 /* Assets.xcassets */ = {isa = PBXFileReference; lastKnownFileType = folder.assetcatalog; path = Assets.xcassets; sourceTree = "<group>"; };
		3CD50BD4212E496000E6E543 /* Base */ = {isa = PBXFileReference; lastKnownFileType = file.storyboard; name = Base; path = Base.lproj/LaunchScreen.storyboard; sourceTree = "<group>"; };
		3CD50BD6212E496000E6E543 /* Info.plist */ = {isa = PBXFileReference; lastKnownFileType = text.plist.xml; path = Info.plist; sourceTree = "<group>"; };
		3CD50BDD212E4B2900E6E543 /* AlbumViewController.swift */ = {isa = PBXFileReference; lastKnownFileType = sourcecode.swift; path = AlbumViewController.swift; sourceTree = "<group>"; };
		3CD50BDF212E4B4400E6E543 /* AlbumTableViewCell.swift */ = {isa = PBXFileReference; lastKnownFileType = sourcecode.swift; path = AlbumTableViewCell.swift; sourceTree = "<group>"; };
		3CD50BE4212E523900E6E543 /* Alamofire.framework */ = {isa = PBXFileReference; lastKnownFileType = wrapper.framework; name = Alamofire.framework; path = Carthage/Build/iOS/Alamofire.framework; sourceTree = "<group>"; };
		3CD50BEB212E60A700E6E543 /* PhotoViewController.swift */ = {isa = PBXFileReference; lastKnownFileType = sourcecode.swift; path = PhotoViewController.swift; sourceTree = "<group>"; };
		3CD50BED212E60BF00E6E543 /* PhotoTableViewCell.swift */ = {isa = PBXFileReference; lastKnownFileType = sourcecode.swift; path = PhotoTableViewCell.swift; sourceTree = "<group>"; };
		3CD50BEF212E865100E6E543 /* GlobalFile.swift */ = {isa = PBXFileReference; lastKnownFileType = sourcecode.swift; path = GlobalFile.swift; sourceTree = "<group>"; };
		3CD50BF4212E89FF00E6E543 /* LoadingOverlay.swift */ = {isa = PBXFileReference; lastKnownFileType = sourcecode.swift; path = LoadingOverlay.swift; sourceTree = "<group>"; };
		3CD50BF6212E8A2100E6E543 /* UIViewController+LoadingOverlay.swift */ = {isa = PBXFileReference; lastKnownFileType = sourcecode.swift; path = "UIViewController+LoadingOverlay.swift"; sourceTree = "<group>"; };
		3CD50BF9212EA2C700E6E543 /* PhotoDetailViewController.swift */ = {isa = PBXFileReference; lastKnownFileType = sourcecode.swift; path = PhotoDetailViewController.swift; sourceTree = "<group>"; };
		3CD50BFD212EB09400E6E543 /* RevealingSplashView.framework */ = {isa = PBXFileReference; lastKnownFileType = wrapper.framework; name = RevealingSplashView.framework; path = Carthage/Build/iOS/RevealingSplashView.framework; sourceTree = "<group>"; };
		3CD50BFF212EB09A00E6E543 /* RevealingSplashView.framework */ = {isa = PBXFileReference; lastKnownFileType = wrapper.framework; name = RevealingSplashView.framework; path = Carthage/Build/iOS/RevealingSplashView.framework; sourceTree = "<group>"; };
		3CF755FA212F89390065BBC6 /* UIImage+Cache.swift */ = {isa = PBXFileReference; lastKnownFileType = sourcecode.swift; path = "UIImage+Cache.swift"; sourceTree = "<group>"; };
		3CF755FC212F8A030065BBC6 /* PeekAndPop+PhotoViewController.swift */ = {isa = PBXFileReference; lastKnownFileType = sourcecode.swift; path = "PeekAndPop+PhotoViewController.swift"; sourceTree = "<group>"; };
		3CF755FE212F8AA60065BBC6 /* Animation.swift */ = {isa = PBXFileReference; lastKnownFileType = sourcecode.swift; path = Animation.swift; sourceTree = "<group>"; };
		3CF75601212F8C620065BBC6 /* Photos.swift */ = {isa = PBXFileReference; lastKnownFileType = sourcecode.swift; path = Photos.swift; sourceTree = "<group>"; };
		3CF75603212F92410065BBC6 /* SwiftyJSON.framework */ = {isa = PBXFileReference; lastKnownFileType = wrapper.framework; name = SwiftyJSON.framework; path = Carthage/Build/iOS/SwiftyJSON.framework; sourceTree = "<group>"; };
/* End PBXFileReference section */

/* Begin PBXFrameworksBuildPhase section */
		3CD50BC1212E495F00E6E543 /* Frameworks */ = {
			isa = PBXFrameworksBuildPhase;
			buildActionMask = 2147483647;
			files = (
				3CD50BFE212EB09400E6E543 /* RevealingSplashView.framework in Frameworks */,
			);
			runOnlyForDeploymentPostprocessing = 0;
		};
/* End PBXFrameworksBuildPhase section */

/* Begin PBXGroup section */
		3CD50BBB212E495F00E6E543 = {
			isa = PBXGroup;
			children = (
				3CD50BFF212EB09A00E6E543 /* RevealingSplashView.framework */,
				3CD50BC6212E495F00E6E543 /* MediaMonksExercise */,
				3CD50BC5212E495F00E6E543 /* Products */,
				3CD50BE3212E523900E6E543 /* Frameworks */,
			);
			sourceTree = "<group>";
		};
		3CD50BC5212E495F00E6E543 /* Products */ = {
			isa = PBXGroup;
			children = (
				3CD50BC4212E495F00E6E543 /* MediaMonksExercise.app */,
			);
			name = Products;
			sourceTree = "<group>";
		};
		3CD50BC6212E495F00E6E543 /* MediaMonksExercise */ = {
			isa = PBXGroup;
			children = (
				3CF7560A212F97DA0065BBC6 /* Network */,
				3CF75600212F8C460065BBC6 /* Model */,
				3CF755F9212F88E90065BBC6 /* Extensions */,
				3CF755F8212F882B0065BBC6 /* Common */,
				3CF755F6212F82A00065BBC6 /* Views */,
				3CD50BC7212E495F00E6E543 /* AppDelegate.swift */,
				3CD50BCB212E495F00E6E543 /* Main.storyboard */,
				3CD50BD1212E496000E6E543 /* Assets.xcassets */,
				3CD50BD3212E496000E6E543 /* LaunchScreen.storyboard */,
				3CD50BD6212E496000E6E543 /* Info.plist */,
				3CD50BCE212E495F00E6E543 /* MediaMonksExercise.xcdatamodeld */,
			);
			path = MediaMonksExercise;
			sourceTree = "<group>";
		};
		3CD50BE3212E523900E6E543 /* Frameworks */ = {
			isa = PBXGroup;
			children = (
				3CF75603212F92410065BBC6 /* SwiftyJSON.framework */,
				3CD50BFD212EB09400E6E543 /* RevealingSplashView.framework */,
				3CD50BE4212E523900E6E543 /* Alamofire.framework */,
			);
			name = Frameworks;
			sourceTree = "<group>";
		};
		3CF755F6212F82A00065BBC6 /* Views */ = {
			isa = PBXGroup;
			children = (
				3CD50BDF212E4B4400E6E543 /* AlbumTableViewCell.swift */,
				3CD50BDD212E4B2900E6E543 /* AlbumViewController.swift */,
				3CD50BED212E60BF00E6E543 /* PhotoTableViewCell.swift */,
				3CD50BEB212E60A700E6E543 /* PhotoViewController.swift */,
				3CD50BF9212EA2C700E6E543 /* PhotoDetailViewController.swift */,
			);
			path = Views;
			sourceTree = "<group>";
		};
		3CF755F8212F882B0065BBC6 /* Common */ = {
			isa = PBXGroup;
			children = (
				3CD50BEF212E865100E6E543 /* GlobalFile.swift */,
				3CD50BF4212E89FF00E6E543 /* LoadingOverlay.swift */,
				3CF755FE212F8AA60065BBC6 /* Animation.swift */,
			);
			path = Common;
			sourceTree = "<group>";
		};
		3CF755F9212F88E90065BBC6 /* Extensions */ = {
			isa = PBXGroup;
			children = (
				3CD50BF6212E8A2100E6E543 /* UIViewController+LoadingOverlay.swift */,
				3CF755FA212F89390065BBC6 /* UIImage+Cache.swift */,
				3CF755FC212F8A030065BBC6 /* PeekAndPop+PhotoViewController.swift */,
			);
			path = Extensions;
			sourceTree = "<group>";
		};
		3CF75600212F8C460065BBC6 /* Model */ = {
			isa = PBXGroup;
			children = (
				3CF75601212F8C620065BBC6 /* Photos.swift */,
				3C8FDF9B212FE94200754460 /* Albums.swift */,
			);
			path = Model;
			sourceTree = "<group>";
		};
		3CF7560A212F97DA0065BBC6 /* Network */ = {
			isa = PBXGroup;
			children = (
				3C8FDF95212FE40300754460 /* Errors.swift */,
				3C8FDF97212FE4FB00754460 /* RequestType.swift */,
				3C8FDF99212FE56100754460 /* RequestData.swift */,
				3C8FDF9D212FF98300754460 /* HTTPMethod.swift */,
				3C8FDFA0212FF9CA00754460 /* Dispatcher.swift */,
			);
			path = Network;
			sourceTree = "<group>";
		};
/* End PBXGroup section */

/* Begin PBXNativeTarget section */
		3CD50BC3212E495F00E6E543 /* MediaMonksExercise */ = {
			isa = PBXNativeTarget;
			buildConfigurationList = 3CD50BD9212E496000E6E543 /* Build configuration list for PBXNativeTarget "MediaMonksExercise" */;
			buildPhases = (
				3CD50BC0212E495F00E6E543 /* Sources */,
				3CD50BC1212E495F00E6E543 /* Frameworks */,
				3CD50BC2212E495F00E6E543 /* Resources */,
				3CD50BE9212E524200E6E543 /* Embed Frameworks */,
			);
			buildRules = (
			);
			dependencies = (
			);
			name = MediaMonksExercise;
			productName = MediaMonksExercise;
			productReference = 3CD50BC4212E495F00E6E543 /* MediaMonksExercise.app */;
			productType = "com.apple.product-type.application";
		};
/* End PBXNativeTarget section */

/* Begin PBXProject section */
		3CD50BBC212E495F00E6E543 /* Project object */ = {
			isa = PBXProject;
			attributes = {
				LastSwiftUpdateCheck = 0940;
				LastUpgradeCheck = 0940;
				ORGANIZATIONNAME = "Media Monks";
				TargetAttributes = {
					3CD50BC3212E495F00E6E543 = {
						CreatedOnToolsVersion = 9.4.1;
					};
				};
			};
			buildConfigurationList = 3CD50BBF212E495F00E6E543 /* Build configuration list for PBXProject "MediaMonksExercise" */;
			compatibilityVersion = "Xcode 9.3";
			developmentRegion = en;
			hasScannedForEncodings = 0;
			knownRegions = (
				en,
				Base,
			);
			mainGroup = 3CD50BBB212E495F00E6E543;
			productRefGroup = 3CD50BC5212E495F00E6E543 /* Products */;
			projectDirPath = "";
			projectRoot = "";
			targets = (
				3CD50BC3212E495F00E6E543 /* MediaMonksExercise */,
			);
		};
/* End PBXProject section */

/* Begin PBXResourcesBuildPhase section */
		3CD50BC2212E495F00E6E543 /* Resources */ = {
			isa = PBXResourcesBuildPhase;
			buildActionMask = 2147483647;
			files = (
				3CD50BD5212E496000E6E543 /* LaunchScreen.storyboard in Resources */,
				3CD50BD2212E496000E6E543 /* Assets.xcassets in Resources */,
				3CD50BCD212E495F00E6E543 /* Main.storyboard in Resources */,
			);
			runOnlyForDeploymentPostprocessing = 0;
		};
/* End PBXResourcesBuildPhase section */

/* Begin PBXSourcesBuildPhase section */
		3CD50BC0212E495F00E6E543 /* Sources */ = {
			isa = PBXSourcesBuildPhase;
			buildActionMask = 2147483647;
			files = (
				3C8FDF9E212FF98300754460 /* HTTPMethod.swift in Sources */,
				3CD50BEE212E60BF00E6E543 /* PhotoTableViewCell.swift in Sources */,
				3CD50BE0212E4B4400E6E543 /* AlbumTableViewCell.swift in Sources */,
				3CD50BDE212E4B2900E6E543 /* AlbumViewController.swift in Sources */,
				3CD50BF5212E89FF00E6E543 /* LoadingOverlay.swift in Sources */,
				3CD50BFA212EA2C700E6E543 /* PhotoDetailViewController.swift in Sources */,
				3C8FDF96212FE40300754460 /* Errors.swift in Sources */,
				3CF755FB212F89390065BBC6 /* UIImage+Cache.swift in Sources */,
				3C8FDF98212FE4FB00754460 /* RequestType.swift in Sources */,
				3CF75602212F8C620065BBC6 /* Photos.swift in Sources */,
				3C8FDF9A212FE56100754460 /* RequestData.swift in Sources */,
				3CD50BF0212E865100E6E543 /* GlobalFile.swift in Sources */,
				3CD50BD0212E495F00E6E543 /* MediaMonksExercise.xcdatamodeld in Sources */,
				3CD50BC8212E495F00E6E543 /* AppDelegate.swift in Sources */,
				3C8FDFA1212FF9CA00754460 /* Dispatcher.swift in Sources */,
				3CD50BF7212E8A2100E6E543 /* UIViewController+LoadingOverlay.swift in Sources */,
				3CF755FD212F8A030065BBC6 /* PeekAndPop+PhotoViewController.swift in Sources */,
				3C8FDF9C212FE94200754460 /* Albums.swift in Sources */,
				3CD50BEC212E60A700E6E543 /* PhotoViewController.swift in Sources */,
				3CF755FF212F8AA60065BBC6 /* Animation.swift in Sources */,
			);
			runOnlyForDeploymentPostprocessing = 0;
		};
/* End PBXSourcesBuildPhase section */

/* Begin PBXVariantGroup section */
		3CD50BCB212E495F00E6E543 /* Main.storyboard */ = {
			isa = PBXVariantGroup;
			children = (
				3CD50BCC212E495F00E6E543 /* Base */,
			);
			name = Main.storyboard;
			sourceTree = "<group>";
		};
		3CD50BD3212E496000E6E543 /* LaunchScreen.storyboard */ = {
			isa = PBXVariantGroup;
			children = (
				3CD50BD4212E496000E6E543 /* Base */,
			);
			name = LaunchScreen.storyboard;
			sourceTree = "<group>";
		};
/* End PBXVariantGroup section */

/* Begin XCBuildConfiguration section */
		3CD50BD7212E496000E6E543 /* Debug */ = {
			isa = XCBuildConfiguration;
			buildSettings = {
				ALWAYS_SEARCH_USER_PATHS = NO;
				CLANG_ANALYZER_NONNULL = YES;
				CLANG_ANALYZER_NUMBER_OBJECT_CONVERSION = YES_AGGRESSIVE;
				CLANG_CXX_LANGUAGE_STANDARD = "gnu++14";
				CLANG_CXX_LIBRARY = "libc++";
				CLANG_ENABLE_MODULES = YES;
				CLANG_ENABLE_OBJC_ARC = YES;
				CLANG_ENABLE_OBJC_WEAK = YES;
				CLANG_WARN_BLOCK_CAPTURE_AUTORELEASING = YES;
				CLANG_WARN_BOOL_CONVERSION = YES;
				CLANG_WARN_COMMA = YES;
				CLANG_WARN_CONSTANT_CONVERSION = YES;
				CLANG_WARN_DEPRECATED_OBJC_IMPLEMENTATIONS = YES;
				CLANG_WARN_DIRECT_OBJC_ISA_USAGE = YES_ERROR;
				CLANG_WARN_DOCUMENTATION_COMMENTS = YES;
				CLANG_WARN_EMPTY_BODY = YES;
				CLANG_WARN_ENUM_CONVERSION = YES;
				CLANG_WARN_INFINITE_RECURSION = YES;
				CLANG_WARN_INT_CONVERSION = YES;
				CLANG_WARN_NON_LITERAL_NULL_CONVERSION = YES;
				CLANG_WARN_OBJC_IMPLICIT_RETAIN_SELF = YES;
				CLANG_WARN_OBJC_LITERAL_CONVERSION = YES;
				CLANG_WARN_OBJC_ROOT_CLASS = YES_ERROR;
				CLANG_WARN_RANGE_LOOP_ANALYSIS = YES;
				CLANG_WARN_STRICT_PROTOTYPES = YES;
				CLANG_WARN_SUSPICIOUS_MOVE = YES;
				CLANG_WARN_UNGUARDED_AVAILABILITY = YES_AGGRESSIVE;
				CLANG_WARN_UNREACHABLE_CODE = YES;
				CLANG_WARN__DUPLICATE_METHOD_MATCH = YES;
				CODE_SIGN_IDENTITY = "iPhone Developer";
				COPY_PHASE_STRIP = NO;
				DEBUG_INFORMATION_FORMAT = dwarf;
				ENABLE_STRICT_OBJC_MSGSEND = YES;
				ENABLE_TESTABILITY = YES;
				GCC_C_LANGUAGE_STANDARD = gnu11;
				GCC_DYNAMIC_NO_PIC = NO;
				GCC_NO_COMMON_BLOCKS = YES;
				GCC_OPTIMIZATION_LEVEL = 0;
				GCC_PREPROCESSOR_DEFINITIONS = (
					"DEBUG=1",
					"$(inherited)",
				);
				GCC_WARN_64_TO_32_BIT_CONVERSION = YES;
				GCC_WARN_ABOUT_RETURN_TYPE = YES_ERROR;
				GCC_WARN_UNDECLARED_SELECTOR = YES;
				GCC_WARN_UNINITIALIZED_AUTOS = YES_AGGRESSIVE;
				GCC_WARN_UNUSED_FUNCTION = YES;
				GCC_WARN_UNUSED_VARIABLE = YES;
				IPHONEOS_DEPLOYMENT_TARGET = 11.4;
				MTL_ENABLE_DEBUG_INFO = YES;
				ONLY_ACTIVE_ARCH = YES;
				SDKROOT = iphoneos;
				SWIFT_ACTIVE_COMPILATION_CONDITIONS = DEBUG;
				SWIFT_OPTIMIZATION_LEVEL = "-Onone";
			};
			name = Debug;
		};
		3CD50BD8212E496000E6E543 /* Release */ = {
			isa = XCBuildConfiguration;
			buildSettings = {
				ALWAYS_SEARCH_USER_PATHS = NO;
				CLANG_ANALYZER_NONNULL = YES;
				CLANG_ANALYZER_NUMBER_OBJECT_CONVERSION = YES_AGGRESSIVE;
				CLANG_CXX_LANGUAGE_STANDARD = "gnu++14";
				CLANG_CXX_LIBRARY = "libc++";
				CLANG_ENABLE_MODULES = YES;
				CLANG_ENABLE_OBJC_ARC = YES;
				CLANG_ENABLE_OBJC_WEAK = YES;
				CLANG_WARN_BLOCK_CAPTURE_AUTORELEASING = YES;
				CLANG_WARN_BOOL_CONVERSION = YES;
				CLANG_WARN_COMMA = YES;
				CLANG_WARN_CONSTANT_CONVERSION = YES;
				CLANG_WARN_DEPRECATED_OBJC_IMPLEMENTATIONS = YES;
				CLANG_WARN_DIRECT_OBJC_ISA_USAGE = YES_ERROR;
				CLANG_WARN_DOCUMENTATION_COMMENTS = YES;
				CLANG_WARN_EMPTY_BODY = YES;
				CLANG_WARN_ENUM_CONVERSION = YES;
				CLANG_WARN_INFINITE_RECURSION = YES;
				CLANG_WARN_INT_CONVERSION = YES;
				CLANG_WARN_NON_LITERAL_NULL_CONVERSION = YES;
				CLANG_WARN_OBJC_IMPLICIT_RETAIN_SELF = YES;
				CLANG_WARN_OBJC_LITERAL_CONVERSION = YES;
				CLANG_WARN_OBJC_ROOT_CLASS = YES_ERROR;
				CLANG_WARN_RANGE_LOOP_ANALYSIS = YES;
				CLANG_WARN_STRICT_PROTOTYPES = YES;
				CLANG_WARN_SUSPICIOUS_MOVE = YES;
				CLANG_WARN_UNGUARDED_AVAILABILITY = YES_AGGRESSIVE;
				CLANG_WARN_UNREACHABLE_CODE = YES;
				CLANG_WARN__DUPLICATE_METHOD_MATCH = YES;
				CODE_SIGN_IDENTITY = "iPhone Developer";
				COPY_PHASE_STRIP = NO;
				DEBUG_INFORMATION_FORMAT = "dwarf-with-dsym";
				ENABLE_NS_ASSERTIONS = NO;
				ENABLE_STRICT_OBJC_MSGSEND = YES;
				GCC_C_LANGUAGE_STANDARD = gnu11;
				GCC_NO_COMMON_BLOCKS = YES;
				GCC_WARN_64_TO_32_BIT_CONVERSION = YES;
				GCC_WARN_ABOUT_RETURN_TYPE = YES_ERROR;
				GCC_WARN_UNDECLARED_SELECTOR = YES;
				GCC_WARN_UNINITIALIZED_AUTOS = YES_AGGRESSIVE;
				GCC_WARN_UNUSED_FUNCTION = YES;
				GCC_WARN_UNUSED_VARIABLE = YES;
				IPHONEOS_DEPLOYMENT_TARGET = 11.4;
				MTL_ENABLE_DEBUG_INFO = NO;
				SDKROOT = iphoneos;
				SWIFT_COMPILATION_MODE = wholemodule;
				SWIFT_OPTIMIZATION_LEVEL = "-O";
				VALIDATE_PRODUCT = YES;
			};
			name = Release;
		};
		3CD50BDA212E496000E6E543 /* Debug */ = {
			isa = XCBuildConfiguration;
			buildSettings = {
				ASSETCATALOG_COMPILER_APPICON_NAME = AppIcon;
				CODE_SIGN_STYLE = Automatic;
				DEVELOPMENT_TEAM = EXAXA387S9;
				FRAMEWORK_SEARCH_PATHS = (
					"$(inherited)",
					"$(PROJECT_DIR)/Carthage/Build/iOS",
				);
				INFOPLIST_FILE = MediaMonksExercise/Info.plist;
				LD_RUNPATH_SEARCH_PATHS = (
					"$(inherited)",
					"@executable_path/Frameworks",
				);
				PRODUCT_BUNDLE_IDENTIFIER = com.mediamonks.MediaMonksExercise;
				PRODUCT_NAME = "$(TARGET_NAME)";
				SWIFT_VERSION = 4.0;
				TARGETED_DEVICE_FAMILY = "1,2";
			};
			name = Debug;
		};
		3CD50BDB212E496000E6E543 /* Release */ = {
			isa = XCBuildConfiguration;
			buildSettings = {
				ASSETCATALOG_COMPILER_APPICON_NAME = AppIcon;
				CODE_SIGN_STYLE = Automatic;
				DEVELOPMENT_TEAM = EXAXA387S9;
				FRAMEWORK_SEARCH_PATHS = (
					"$(inherited)",
					"$(PROJECT_DIR)/Carthage/Build/iOS",
				);
				INFOPLIST_FILE = MediaMonksExercise/Info.plist;
				LD_RUNPATH_SEARCH_PATHS = (
					"$(inherited)",
					"@executable_path/Frameworks",
				);
				PRODUCT_BUNDLE_IDENTIFIER = com.mediamonks.MediaMonksExercise;
				PRODUCT_NAME = "$(TARGET_NAME)";
				SWIFT_VERSION = 4.0;
				TARGETED_DEVICE_FAMILY = "1,2";
			};
			name = Release;
		};
/* End XCBuildConfiguration section */

/* Begin XCConfigurationList section */
		3CD50BBF212E495F00E6E543 /* Build configuration list for PBXProject "MediaMonksExercise" */ = {
			isa = XCConfigurationList;
			buildConfigurations = (
				3CD50BD7212E496000E6E543 /* Debug */,
				3CD50BD8212E496000E6E543 /* Release */,
			);
			defaultConfigurationIsVisible = 0;
			defaultConfigurationName = Release;
		};
		3CD50BD9212E496000E6E543 /* Build configuration list for PBXNativeTarget "MediaMonksExercise" */ = {
			isa = XCConfigurationList;
			buildConfigurations = (
				3CD50BDA212E496000E6E543 /* Debug */,
				3CD50BDB212E496000E6E543 /* Release */,
			);
			defaultConfigurationIsVisible = 0;
			defaultConfigurationName = Release;
		};
/* End XCConfigurationList section */

/* Begin XCVersionGroup section */
		3CD50BCE212E495F00E6E543 /* MediaMonksExercise.xcdatamodeld */ = {
			isa = XCVersionGroup;
			children = (
				3CD50BCF212E495F00E6E543 /* MediaMonksExercise.xcdatamodel */,
			);
			currentVersion = 3CD50BCF212E495F00E6E543 /* MediaMonksExercise.xcdatamodel */;
			path = MediaMonksExercise.xcdatamodeld;
			sourceTree = "<group>";
			versionGroupType = wrapper.xcdatamodel;
		};
/* End XCVersionGroup section */
	};
	rootObject = 3CD50BBC212E495F00E6E543 /* Project object */;
}
